
Microsoft Visual Studio Solution File, Format Version 12.00
# Visual Studio 15
VisualStudioVersion = 15.0.28307.1525
MinimumVisualStudioVersion = 10.0.40219.1
Project("{FAE04EC0-301F-11D3-BF4B-00C04F79EFBC}") = "Performance", "Performance\Performance.csproj", "{FCF4FF54-E6E2-46CD-A0BB-AFDE6A9B4323}"
EndProject
Global
	GlobalSection(SolutionConfigurationPlatforms) = preSolution
		Debug|Any CPU = Debug|Any CPU
		Release|Any CPU = Release|Any CPU
	EndGlobalSection
	GlobalSection(ProjectConfigurationPlatforms) = postSolution
		{FCF4FF54-E6E2-46CD-A0BB-AFDE6A9B4323}.Debug|Any CPU.ActiveCfg = Debug|Any CPU
		{FCF4FF54-E6E2-46CD-A0BB-AFDE6A9B4323}.Debug|Any CPU.Build.0 = Debug|Any CPU
		{FCF4FF54-E6E2-46CD-A0BB-AFDE6A9B4323}.Release|Any CPU.ActiveCfg = Release|Any CPU
		{FCF4FF54-E6E2-46CD-A0BB-AFDE6A9B4323}.Release|Any CPU.Build.0 = Release|Any CPU
	EndGlobalSection
	GlobalSection(SolutionProperties) = preSolution
		HideSolutionNode = FALSE
	EndGlobalSection
	GlobalSection(ExtensibilityGlobals) = postSolution
		SolutionGuid = {33E4519A-6851-40AB-9F09-AE48F52D76BA}
	EndGlobalSection
EndGlobal
